
Microsoft Visual Studio Solution File, Format Version 12.00
# Visual Studio Version 16
VisualStudioVersion = 16.0.28922.388
MinimumVisualStudioVersion = 10.0.40219.1
Project("{9A19103F-16F7-4668-BE54-9A1E7A4F7556}") = "Domain", "Domain\Domain.csproj", "{06E9789A-E46D-41E8-9C7F-4D490139F6D8}"
EndProject
Project("{9A19103F-16F7-4668-BE54-9A1E7A4F7556}") = "EfDataAccess", "DataAccess\EfDataAccess.csproj", "{1102FC4A-45AE-4722-A700-12A07F633B51}"
EndProject
Project("{9A19103F-16F7-4668-BE54-9A1E7A4F7556}") = "EfCommands", "EfCommands\EfCommands.csproj", "{9C6D63E6-2804-4916-8B82-E588AE779332}"
EndProject
Project("{9A19103F-16F7-4668-BE54-9A1E7A4F7556}") = "Application", "Application\Application.csproj", "{5F00F190-885D-46DF-82EA-9F0A8EE68C95}"
EndProject
Project("{2150E333-8FDC-42A3-9474-1A3956D46DE8}") = "Applications", "Applications", "{91609721-00FF-4018-B657-294A040796BE}"
EndProject
Project("{9A19103F-16F7-4668-BE54-9A1E7A4F7556}") = "Api", "Api\Api.csproj", "{7900869F-3EB2-453A-9524-E1893C28A9E2}"
EndProject
Project("{FAE04EC0-301F-11D3-BF4B-00C04F79EFBC}") = "Web", "Web\Web.csproj", "{FAAB3674-5968-4C42-BB6E-7EC0EC964031}"
EndProject
Global
	GlobalSection(SolutionConfigurationPlatforms) = preSolution
		Debug|Any CPU = Debug|Any CPU
		Release|Any CPU = Release|Any CPU
	EndGlobalSection
	GlobalSection(ProjectConfigurationPlatforms) = postSolution
		{06E9789A-E46D-41E8-9C7F-4D490139F6D8}.Debug|Any CPU.ActiveCfg = Debug|Any CPU
		{06E9789A-E46D-41E8-9C7F-4D490139F6D8}.Debug|Any CPU.Build.0 = Debug|Any CPU
		{06E9789A-E46D-41E8-9C7F-4D490139F6D8}.Release|Any CPU.ActiveCfg = Release|Any CPU
		{06E9789A-E46D-41E8-9C7F-4D490139F6D8}.Release|Any CPU.Build.0 = Release|Any CPU
		{1102FC4A-45AE-4722-A700-12A07F633B51}.Debug|Any CPU.ActiveCfg = Debug|Any CPU
		{1102FC4A-45AE-4722-A700-12A07F633B51}.Debug|Any CPU.Build.0 = Debug|Any CPU
		{1102FC4A-45AE-4722-A700-12A07F633B51}.Release|Any CPU.ActiveCfg = Release|Any CPU
		{1102FC4A-45AE-4722-A700-12A07F633B51}.Release|Any CPU.Build.0 = Release|Any CPU
		{9C6D63E6-2804-4916-8B82-E588AE779332}.Debug|Any CPU.ActiveCfg = Debug|Any CPU
		{9C6D63E6-2804-4916-8B82-E588AE779332}.Debug|Any CPU.Build.0 = Debug|Any CPU
		{9C6D63E6-2804-4916-8B82-E588AE779332}.Release|Any CPU.ActiveCfg = Release|Any CPU
		{9C6D63E6-2804-4916-8B82-E588AE779332}.Release|Any CPU.Build.0 = Release|Any CPU
		{5F00F190-885D-46DF-82EA-9F0A8EE68C95}.Debug|Any CPU.ActiveCfg = Debug|Any CPU
		{5F00F190-885D-46DF-82EA-9F0A8EE68C95}.Debug|Any CPU.Build.0 = Debug|Any CPU
		{5F00F190-885D-46DF-82EA-9F0A8EE68C95}.Release|Any CPU.ActiveCfg = Release|Any CPU
		{5F00F190-885D-46DF-82EA-9F0A8EE68C95}.Release|Any CPU.Build.0 = Release|Any CPU
		{7900869F-3EB2-453A-9524-E1893C28A9E2}.Debug|Any CPU.ActiveCfg = Debug|Any CPU
		{7900869F-3EB2-453A-9524-E1893C28A9E2}.Debug|Any CPU.Build.0 = Debug|Any CPU
		{7900869F-3EB2-453A-9524-E1893C28A9E2}.Release|Any CPU.ActiveCfg = Release|Any CPU
		{7900869F-3EB2-453A-9524-E1893C28A9E2}.Release|Any CPU.Build.0 = Release|Any CPU
		{FAAB3674-5968-4C42-BB6E-7EC0EC964031}.Debug|Any CPU.ActiveCfg = Debug|Any CPU
		{FAAB3674-5968-4C42-BB6E-7EC0EC964031}.Debug|Any CPU.Build.0 = Debug|Any CPU
		{FAAB3674-5968-4C42-BB6E-7EC0EC964031}.Release|Any CPU.ActiveCfg = Release|Any CPU
		{FAAB3674-5968-4C42-BB6E-7EC0EC964031}.Release|Any CPU.Build.0 = Release|Any CPU
	EndGlobalSection
	GlobalSection(SolutionProperties) = preSolution
		HideSolutionNode = FALSE
	EndGlobalSection
	GlobalSection(NestedProjects) = preSolution
		{7900869F-3EB2-453A-9524-E1893C28A9E2} = {91609721-00FF-4018-B657-294A040796BE}
		{FAAB3674-5968-4C42-BB6E-7EC0EC964031} = {91609721-00FF-4018-B657-294A040796BE}
	EndGlobalSection
	GlobalSection(ExtensibilityGlobals) = postSolution
		SolutionGuid = {DFFBC2B9-EC06-4EDF-946C-71965C22FD7F}
	EndGlobalSection
EndGlobal
