
Microsoft Visual Studio Solution File, Format Version 12.00
# Visual Studio Version 16
VisualStudioVersion = 16.0.28922.388
MinimumVisualStudioVersion = 10.0.40219.1
Project("{FAE04EC0-301F-11D3-BF4B-00C04F79EFBC}") = "Domain", "Domain\Domain.csproj", "{06E9789A-E46D-41E8-9C7F-4D490139F6D8}"
EndProject
Project("{FAE04EC0-301F-11D3-BF4B-00C04F79EFBC}") = "EfDataAccess", "DataAccess\EfDataAccess.csproj", "{1102FC4A-45AE-4722-A700-12A07F633B51}"
EndProject
Project("{FAE04EC0-301F-11D3-BF4B-00C04F79EFBC}") = "EfCommands", "EfCommands\EfCommands.csproj", "{9C6D63E6-2804-4916-8B82-E588AE779332}"
EndProject
Project("{FAE04EC0-301F-11D3-BF4B-00C04F79EFBC}") = "Application", "Application\Application.csproj", "{5F00F190-885D-46DF-82EA-9F0A8EE68C95}"
EndProject
Project("{2150E333-8FDC-42A3-9474-1A3956D46DE8}") = "Applications", "Applications", "{91609721-00FF-4018-B657-294A040796BE}"
EndProject
Project("{FAE04EC0-301F-11D3-BF4B-00C04F79EFBC}") = "Api", "Api\Api.csproj", "{E35B7A16-CF9C-4B06-BFB2-ED9B46E4118D}"
EndProject
Project("{FAE04EC0-301F-11D3-BF4B-00C04F79EFBC}") = "Web", "Web\Web.csproj", "{BE7C04D7-B296-44CA-96D7-DB437C02C7E0}"
EndProject
Global
	GlobalSection(SolutionConfigurationPlatforms) = preSolution
		Debug|Any CPU = Debug|Any CPU
		Release|Any CPU = Release|Any CPU
	EndGlobalSection
	GlobalSection(ProjectConfigurationPlatforms) = postSolution
		{06E9789A-E46D-41E8-9C7F-4D490139F6D8}.Debug|Any CPU.ActiveCfg = Debug|Any CPU
		{06E9789A-E46D-41E8-9C7F-4D490139F6D8}.Debug|Any CPU.Build.0 = Debug|Any CPU
		{06E9789A-E46D-41E8-9C7F-4D490139F6D8}.Release|Any CPU.ActiveCfg = Release|Any CPU
		{06E9789A-E46D-41E8-9C7F-4D490139F6D8}.Release|Any CPU.Build.0 = Release|Any CPU
		{1102FC4A-45AE-4722-A700-12A07F633B51}.Debug|Any CPU.ActiveCfg = Debug|Any CPU
		{1102FC4A-45AE-4722-A700-12A07F633B51}.Debug|Any CPU.Build.0 = Debug|Any CPU
		{1102FC4A-45AE-4722-A700-12A07F633B51}.Release|Any CPU.ActiveCfg = Release|Any CPU
		{1102FC4A-45AE-4722-A700-12A07F633B51}.Release|Any CPU.Build.0 = Release|Any CPU
		{9C6D63E6-2804-4916-8B82-E588AE779332}.Debug|Any CPU.ActiveCfg = Debug|Any CPU
		{9C6D63E6-2804-4916-8B82-E588AE779332}.Debug|Any CPU.Build.0 = Debug|Any CPU
		{9C6D63E6-2804-4916-8B82-E588AE779332}.Release|Any CPU.ActiveCfg = Release|Any CPU
		{9C6D63E6-2804-4916-8B82-E588AE779332}.Release|Any CPU.Build.0 = Release|Any CPU
		{5F00F190-885D-46DF-82EA-9F0A8EE68C95}.Debug|Any CPU.ActiveCfg = Debug|Any CPU
		{5F00F190-885D-46DF-82EA-9F0A8EE68C95}.Debug|Any CPU.Build.0 = Debug|Any CPU
		{5F00F190-885D-46DF-82EA-9F0A8EE68C95}.Release|Any CPU.ActiveCfg = Release|Any CPU
		{5F00F190-885D-46DF-82EA-9F0A8EE68C95}.Release|Any CPU.Build.0 = Release|Any CPU
		{E35B7A16-CF9C-4B06-BFB2-ED9B46E4118D}.Debug|Any CPU.ActiveCfg = Debug|Any CPU
		{E35B7A16-CF9C-4B06-BFB2-ED9B46E4118D}.Debug|Any CPU.Build.0 = Debug|Any CPU
		{E35B7A16-CF9C-4B06-BFB2-ED9B46E4118D}.Release|Any CPU.ActiveCfg = Release|Any CPU
		{E35B7A16-CF9C-4B06-BFB2-ED9B46E4118D}.Release|Any CPU.Build.0 = Release|Any CPU
		{BE7C04D7-B296-44CA-96D7-DB437C02C7E0}.Debug|Any CPU.ActiveCfg = Debug|Any CPU
		{BE7C04D7-B296-44CA-96D7-DB437C02C7E0}.Debug|Any CPU.Build.0 = Debug|Any CPU
		{BE7C04D7-B296-44CA-96D7-DB437C02C7E0}.Release|Any CPU.ActiveCfg = Release|Any CPU
		{BE7C04D7-B296-44CA-96D7-DB437C02C7E0}.Release|Any CPU.Build.0 = Release|Any CPU
	EndGlobalSection
	GlobalSection(SolutionProperties) = preSolution
		HideSolutionNode = FALSE
	EndGlobalSection
	GlobalSection(NestedProjects) = preSolution
		{E35B7A16-CF9C-4B06-BFB2-ED9B46E4118D} = {91609721-00FF-4018-B657-294A040796BE}
		{BE7C04D7-B296-44CA-96D7-DB437C02C7E0} = {91609721-00FF-4018-B657-294A040796BE}
	EndGlobalSection
	GlobalSection(ExtensibilityGlobals) = postSolution
		SolutionGuid = {DFFBC2B9-EC06-4EDF-946C-71965C22FD7F}
	EndGlobalSection
EndGlobal
